
Microsoft Visual Studio Solution File, Format Version 12.00
# Visual Studio 15
VisualStudioVersion = 15.0.26124.0
MinimumVisualStudioVersion = 15.0.26124.0
Project("{FAE04EC0-301F-11D3-BF4B-00C04F79EFBC}") = "Expenses.Api", "Expenses.Api\Expenses.Api.csproj", "{99A99EED-1199-44FB-AF00-A1281B080C59}"
EndProject
Project("{FAE04EC0-301F-11D3-BF4B-00C04F79EFBC}") = "Expenses.Domain", "Expenses.Domain\Expenses.Domain.csproj", "{56D8774E-4F44-4865-B04E-450BA9A287D8}"
EndProject
Project("{FAE04EC0-301F-11D3-BF4B-00C04F79EFBC}") = "Expenses.Infrastructure", "Expenses.Infrastructure\Expenses.Infrastructure.csproj", "{D184CE26-0A00-477D-8BAC-D8FCDAF55DCD}"
EndProject
Global
	GlobalSection(SolutionConfigurationPlatforms) = preSolution
		Debug|Any CPU = Debug|Any CPU
		Debug|x64 = Debug|x64
		Debug|x86 = Debug|x86
		Release|Any CPU = Release|Any CPU
		Release|x64 = Release|x64
		Release|x86 = Release|x86
	EndGlobalSection
	GlobalSection(SolutionProperties) = preSolution
		HideSolutionNode = FALSE
	EndGlobalSection
	GlobalSection(ProjectConfigurationPlatforms) = postSolution
		{99A99EED-1199-44FB-AF00-A1281B080C59}.Debug|Any CPU.ActiveCfg = Debug|Any CPU
		{99A99EED-1199-44FB-AF00-A1281B080C59}.Debug|Any CPU.Build.0 = Debug|Any CPU
		{99A99EED-1199-44FB-AF00-A1281B080C59}.Debug|x64.ActiveCfg = Debug|Any CPU
		{99A99EED-1199-44FB-AF00-A1281B080C59}.Debug|x64.Build.0 = Debug|Any CPU
		{99A99EED-1199-44FB-AF00-A1281B080C59}.Debug|x86.ActiveCfg = Debug|Any CPU
		{99A99EED-1199-44FB-AF00-A1281B080C59}.Debug|x86.Build.0 = Debug|Any CPU
		{99A99EED-1199-44FB-AF00-A1281B080C59}.Release|Any CPU.ActiveCfg = Release|Any CPU
		{99A99EED-1199-44FB-AF00-A1281B080C59}.Release|Any CPU.Build.0 = Release|Any CPU
		{99A99EED-1199-44FB-AF00-A1281B080C59}.Release|x64.ActiveCfg = Release|Any CPU
		{99A99EED-1199-44FB-AF00-A1281B080C59}.Release|x64.Build.0 = Release|Any CPU
		{99A99EED-1199-44FB-AF00-A1281B080C59}.Release|x86.ActiveCfg = Release|Any CPU
		{99A99EED-1199-44FB-AF00-A1281B080C59}.Release|x86.Build.0 = Release|Any CPU
		{56D8774E-4F44-4865-B04E-450BA9A287D8}.Debug|Any CPU.ActiveCfg = Debug|Any CPU
		{56D8774E-4F44-4865-B04E-450BA9A287D8}.Debug|Any CPU.Build.0 = Debug|Any CPU
		{56D8774E-4F44-4865-B04E-450BA9A287D8}.Debug|x64.ActiveCfg = Debug|Any CPU
		{56D8774E-4F44-4865-B04E-450BA9A287D8}.Debug|x64.Build.0 = Debug|Any CPU
		{56D8774E-4F44-4865-B04E-450BA9A287D8}.Debug|x86.ActiveCfg = Debug|Any CPU
		{56D8774E-4F44-4865-B04E-450BA9A287D8}.Debug|x86.Build.0 = Debug|Any CPU
		{56D8774E-4F44-4865-B04E-450BA9A287D8}.Release|Any CPU.ActiveCfg = Release|Any CPU
		{56D8774E-4F44-4865-B04E-450BA9A287D8}.Release|Any CPU.Build.0 = Release|Any CPU
		{56D8774E-4F44-4865-B04E-450BA9A287D8}.Release|x64.ActiveCfg = Release|Any CPU
		{56D8774E-4F44-4865-B04E-450BA9A287D8}.Release|x64.Build.0 = Release|Any CPU
		{56D8774E-4F44-4865-B04E-450BA9A287D8}.Release|x86.ActiveCfg = Release|Any CPU
		{56D8774E-4F44-4865-B04E-450BA9A287D8}.Release|x86.Build.0 = Release|Any CPU
		{D184CE26-0A00-477D-8BAC-D8FCDAF55DCD}.Debug|Any CPU.ActiveCfg = Debug|Any CPU
		{D184CE26-0A00-477D-8BAC-D8FCDAF55DCD}.Debug|Any CPU.Build.0 = Debug|Any CPU
		{D184CE26-0A00-477D-8BAC-D8FCDAF55DCD}.Debug|x64.ActiveCfg = Debug|Any CPU
		{D184CE26-0A00-477D-8BAC-D8FCDAF55DCD}.Debug|x64.Build.0 = Debug|Any CPU
		{D184CE26-0A00-477D-8BAC-D8FCDAF55DCD}.Debug|x86.ActiveCfg = Debug|Any CPU
		{D184CE26-0A00-477D-8BAC-D8FCDAF55DCD}.Debug|x86.Build.0 = Debug|Any CPU
		{D184CE26-0A00-477D-8BAC-D8FCDAF55DCD}.Release|Any CPU.ActiveCfg = Release|Any CPU
		{D184CE26-0A00-477D-8BAC-D8FCDAF55DCD}.Release|Any CPU.Build.0 = Release|Any CPU
		{D184CE26-0A00-477D-8BAC-D8FCDAF55DCD}.Release|x64.ActiveCfg = Release|Any CPU
		{D184CE26-0A00-477D-8BAC-D8FCDAF55DCD}.Release|x64.Build.0 = Release|Any CPU
		{D184CE26-0A00-477D-8BAC-D8FCDAF55DCD}.Release|x86.ActiveCfg = Release|Any CPU
		{D184CE26-0A00-477D-8BAC-D8FCDAF55DCD}.Release|x86.Build.0 = Release|Any CPU
	EndGlobalSection
EndGlobal
